
Microsoft Visual Studio Solution File, Format Version 12.00
# Visual Studio Version 17
VisualStudioVersion = 17.9.34728.123
MinimumVisualStudioVersion = 10.0.40219.1
Project("{FAE04EC0-301F-11D3-BF4B-00C04F79EFBC}") = "Week 4 Challenge Labs 3", "Week 4 Challenge Labs 3.csproj", "{163D8E60-CECB-4900-B271-4EB51C29F1F1}"
EndProject
Global
	GlobalSection(SolutionConfigurationPlatforms) = preSolution
		Debug|Any CPU = Debug|Any CPU
		Release|Any CPU = Release|Any CPU
	EndGlobalSection
	GlobalSection(ProjectConfigurationPlatforms) = postSolution
		{163D8E60-CECB-4900-B271-4EB51C29F1F1}.Debug|Any CPU.ActiveCfg = Debug|Any CPU
		{163D8E60-CECB-4900-B271-4EB51C29F1F1}.Debug|Any CPU.Build.0 = Debug|Any CPU
		{163D8E60-CECB-4900-B271-4EB51C29F1F1}.Release|Any CPU.ActiveCfg = Release|Any CPU
		{163D8E60-CECB-4900-B271-4EB51C29F1F1}.Release|Any CPU.Build.0 = Release|Any CPU
	EndGlobalSection
	GlobalSection(SolutionProperties) = preSolution
		HideSolutionNode = FALSE
	EndGlobalSection
	GlobalSection(ExtensibilityGlobals) = postSolution
		SolutionGuid = {450B756B-4C8A-498A-866C-61E2E579A013}
	EndGlobalSection
EndGlobal
